
Microsoft Visual Studio Solution File, Format Version 12.00
# Visual Studio Version 17
VisualStudioVersion = 17.7.34024.191
MinimumVisualStudioVersion = 10.0.40219.1
Project("{FAE04EC0-301F-11D3-BF4B-00C04F79EFBC}") = "BuildCalculator", "BuildCalculator.csproj", "{56823B51-12D3-4A9A-A406-B5A4660D8A67}"
EndProject
Global
	GlobalSection(SolutionConfigurationPlatforms) = preSolution
		Debug|Any CPU = Debug|Any CPU
		Release|Any CPU = Release|Any CPU
	EndGlobalSection
	GlobalSection(ProjectConfigurationPlatforms) = postSolution
		{56823B51-12D3-4A9A-A406-B5A4660D8A67}.Debug|Any CPU.ActiveCfg = Debug|Any CPU
		{56823B51-12D3-4A9A-A406-B5A4660D8A67}.Debug|Any CPU.Build.0 = Debug|Any CPU
		{56823B51-12D3-4A9A-A406-B5A4660D8A67}.Release|Any CPU.ActiveCfg = Release|Any CPU
		{56823B51-12D3-4A9A-A406-B5A4660D8A67}.Release|Any CPU.Build.0 = Release|Any CPU
	EndGlobalSection
	GlobalSection(SolutionProperties) = preSolution
		HideSolutionNode = FALSE
	EndGlobalSection
	GlobalSection(ExtensibilityGlobals) = postSolution
		SolutionGuid = {18292C95-91FB-4541-8B69-BDDD59123A4D}
	EndGlobalSection
EndGlobal
